
Microsoft Visual Studio Solution File, Format Version 12.00
# Visual Studio 15
VisualStudioVersion = 15.0.26730.3
MinimumVisualStudioVersion = 10.0.40219.1
Project("{FAE04EC0-301F-11D3-BF4B-00C04F79EFBC}") = "CreatorKit", "CreatorKit\CreatorKit.csproj", "{5F817400-1A3A-48DF-98A6-E7E5A3DC762F}"
EndProject
Project("{FAE04EC0-301F-11D3-BF4B-00C04F79EFBC}") = "CreatorKit.ServiceInterface", "CreatorKit.ServiceInterface\CreatorKit.ServiceInterface.csproj", "{5B8FFF01-1E0B-477D-9D7F-93016C128B23}"
EndProject
Project("{FAE04EC0-301F-11D3-BF4B-00C04F79EFBC}") = "CreatorKit.ServiceModel", "CreatorKit.ServiceModel\CreatorKit.ServiceModel.csproj", "{0127B6CA-1B79-46A6-8307-B36836D107F0}"
EndProject
Project("{FAE04EC0-301F-11D3-BF4B-00C04F79EFBC}") = "CreatorKit.Tests", "CreatorKit.Tests\CreatorKit.Tests.csproj", "{455EC1EF-134F-4CD4-9C78-E813E4E6D8F6}"
EndProject
Project("{FAE04EC0-301F-11D3-BF4B-00C04F79EFBC}") = "CreatorKit.Extensions", "CreatorKit.Extensions\CreatorKit.Extensions.csproj", "{920FC022-8F2A-4BB9-AF48-6810B13598C5}"
EndProject
Project("{FAE04EC0-301F-11D3-BF4B-00C04F79EFBC}") = "CreatorKit.Extensions.ServiceModel", "CreatorKit.Extensions.ServiceModel\CreatorKit.Extensions.ServiceModel.csproj", "{50C95DAF-7621-4428-9364-80C531085528}"
EndProject
Global
	GlobalSection(SolutionConfigurationPlatforms) = preSolution
		Debug|Any CPU = Debug|Any CPU
		Release|Any CPU = Release|Any CPU
	EndGlobalSection
	GlobalSection(ProjectConfigurationPlatforms) = postSolution
		{5F817400-1A3A-48DF-98A6-E7E5A3DC762F}.Debug|Any CPU.ActiveCfg = Debug|Any CPU
		{5F817400-1A3A-48DF-98A6-E7E5A3DC762F}.Debug|Any CPU.Build.0 = Debug|Any CPU
		{5F817400-1A3A-48DF-98A6-E7E5A3DC762F}.Release|Any CPU.ActiveCfg = Release|Any CPU
		{5F817400-1A3A-48DF-98A6-E7E5A3DC762F}.Release|Any CPU.Build.0 = Release|Any CPU
		{5B8FFF01-1E0B-477D-9D7F-93016C128B23}.Debug|Any CPU.ActiveCfg = Debug|Any CPU
		{5B8FFF01-1E0B-477D-9D7F-93016C128B23}.Debug|Any CPU.Build.0 = Debug|Any CPU
		{5B8FFF01-1E0B-477D-9D7F-93016C128B23}.Release|Any CPU.ActiveCfg = Release|Any CPU
		{5B8FFF01-1E0B-477D-9D7F-93016C128B23}.Release|Any CPU.Build.0 = Release|Any CPU
		{0127B6CA-1B79-46A6-8307-B36836D107F0}.Debug|Any CPU.ActiveCfg = Debug|Any CPU
		{0127B6CA-1B79-46A6-8307-B36836D107F0}.Debug|Any CPU.Build.0 = Debug|Any CPU
		{0127B6CA-1B79-46A6-8307-B36836D107F0}.Release|Any CPU.ActiveCfg = Release|Any CPU
		{0127B6CA-1B79-46A6-8307-B36836D107F0}.Release|Any CPU.Build.0 = Release|Any CPU
		{455EC1EF-134F-4CD4-9C78-E813E4E6D8F6}.Debug|Any CPU.ActiveCfg = Debug|Any CPU
		{455EC1EF-134F-4CD4-9C78-E813E4E6D8F6}.Debug|Any CPU.Build.0 = Debug|Any CPU
		{455EC1EF-134F-4CD4-9C78-E813E4E6D8F6}.Release|Any CPU.ActiveCfg = Release|Any CPU
		{455EC1EF-134F-4CD4-9C78-E813E4E6D8F6}.Release|Any CPU.Build.0 = Release|Any CPU
		{920FC022-8F2A-4BB9-AF48-6810B13598C5}.Debug|Any CPU.ActiveCfg = Debug|Any CPU
		{920FC022-8F2A-4BB9-AF48-6810B13598C5}.Debug|Any CPU.Build.0 = Debug|Any CPU
		{920FC022-8F2A-4BB9-AF48-6810B13598C5}.Release|Any CPU.ActiveCfg = Release|Any CPU
		{920FC022-8F2A-4BB9-AF48-6810B13598C5}.Release|Any CPU.Build.0 = Release|Any CPU
		{50C95DAF-7621-4428-9364-80C531085528}.Debug|Any CPU.ActiveCfg = Debug|Any CPU
		{50C95DAF-7621-4428-9364-80C531085528}.Debug|Any CPU.Build.0 = Debug|Any CPU
		{50C95DAF-7621-4428-9364-80C531085528}.Release|Any CPU.ActiveCfg = Release|Any CPU
		{50C95DAF-7621-4428-9364-80C531085528}.Release|Any CPU.Build.0 = Release|Any CPU
	EndGlobalSection
	GlobalSection(SolutionProperties) = preSolution
		HideSolutionNode = FALSE
	EndGlobalSection
	GlobalSection(ExtensibilityGlobals) = postSolution
		SolutionGuid = {02854F2A-8EF4-468E-80A3-CD64BBAF5D15}
	EndGlobalSection
EndGlobal
